
Microsoft Visual Studio Solution File, Format Version 12.00
# Visual Studio Version 16
VisualStudioVersion = 16.0.30204.135
MinimumVisualStudioVersion = 10.0.40219.1
Project("{FAE04EC0-301F-11D3-BF4B-00C04F79EFBC}") = "BubbleSort", "BubbleSort\BubbleSort.csproj", "{D8BF0500-B7AF-453E-91F3-7997328D4974}"
EndProject
Global
	GlobalSection(SolutionConfigurationPlatforms) = preSolution
		Debug|Any CPU = Debug|Any CPU
		Release|Any CPU = Release|Any CPU
	EndGlobalSection
	GlobalSection(ProjectConfigurationPlatforms) = postSolution
		{D8BF0500-B7AF-453E-91F3-7997328D4974}.Debug|Any CPU.ActiveCfg = Debug|Any CPU
		{D8BF0500-B7AF-453E-91F3-7997328D4974}.Debug|Any CPU.Build.0 = Debug|Any CPU
		{D8BF0500-B7AF-453E-91F3-7997328D4974}.Release|Any CPU.ActiveCfg = Release|Any CPU
		{D8BF0500-B7AF-453E-91F3-7997328D4974}.Release|Any CPU.Build.0 = Release|Any CPU
	EndGlobalSection
	GlobalSection(SolutionProperties) = preSolution
		HideSolutionNode = FALSE
	EndGlobalSection
	GlobalSection(ExtensibilityGlobals) = postSolution
		SolutionGuid = {9233C1EC-7D40-4FE4-8E1B-86EFED9D8830}
	EndGlobalSection
EndGlobal
